{
  "pins" : [
    {
      "identity" : "twilio-video-ios",
      "kind" : "remoteSourceControl",
      "location" : "https://github.com/twilio/twilio-video-ios.git",
      "state" : {
        "revision" : "e028f87d5425316c39723c7bc2508f5349e36482",
        "version" : "4.6.3"
      }
    }
  ],
  "version" : 2
}
