{
  "pins" : [
    {
      "identity" : "twilio-video-ios",
      "kind" : "remoteSourceControl",
      "location" : "https://github.com/twilio/twilio-video-ios.git",
      "state" : {
        "revision" : "9cd840e09cfa6a051974e422f139efae5087a536",
        "version" : "5.11.3"
      }
    }
  ],
  "version" : 2
}
